{
  "name": "monorepo",
  "lockfileVersion": 3,
  "requires": true,
  "packages": {
    "": {
      "name": "monorepo",
      "workspaces": [
        "module-a",
        "module-b"
      ]
    },
    "module-a": {},
    "module-b": {
      "dependencies": {
        "module-a": "*"
      }
    },
    "node_modules/module-a": {
      "resolved": "module-a",
      "link": true
    },
    "node_modules/module-b": {
      "resolved": "module-b",
      "link": true
    }
  }
}
